// !$*UTF8*$!
{
	archiveVersion = 1;
	classes = {
	};
	objectVersion = 46;
	objects = {

/* Begin PBXBuildFile section */
		CD72C3B31BD7D7BE00956BFF /* main.c in Sources */ = {isa = PBXBuildFile; fileRef = CD72C3B21BD7D7BE00956BFF /* main.c */; };
/* End PBXBuildFile section */

/* Begin PBXCopyFilesBuildPhase section */
		CD72C3AD1BD7D7BE00956BFF /* CopyFiles */ = {
			isa = PBXCopyFilesBuildPhase;
			buildActionMask = 2147483647;
			dstPath = /usr/share/man/man1/;
			dstSubfolderSpec = 0;
			files = (
			);
			runOnlyForDeploymentPostprocessing = 1;
		};
/* End PBXCopyFilesBuildPhase section */

/* Begin PBXFileReference section */
		CD72C3AF1BD7D7BE00956BFF /* ProgrammersAnniversary */ = {isa = PBXFileReference; explicitFileType = "compiled.mach-o.executable"; includeInIndex = 0; path = ProgrammersAnniversary; sourceTree = BUILT_PRODUCTS_DIR; };
		CD72C3B21BD7D7BE00956BFF /* main.c */ = {isa = PBXFileReference; lastKnownFileType = sourcecode.c.c; path = main.c; sourceTree = "<group>"; };
/* End PBXFileReference section */

/* Begin PBXFrameworksBuildPhase section */
		CD72C3AC1BD7D7BE00956BFF /* Frameworks */ = {
			isa = PBXFrameworksBuildPhase;
			buildActionMask = 2147483647;
			files = (
			);
			runOnlyForDeploymentPostprocessing = 0;
		};
/* End PBXFrameworksBuildPhase section */

/* Begin PBXGroup section */
		CD72C3A61BD7D7BD00956BFF = {
			isa = PBXGroup;
			children = (
				CD72C3B11BD7D7BE00956BFF /* ProgrammersAnniversary */,
				CD72C3B01BD7D7BE00956BFF /* Products */,
			);
			sourceTree = "<group>";
		};
		CD72C3B01BD7D7BE00956BFF /* Products */ = {
			isa = PBXGroup;
			children = (
				CD72C3AF1BD7D7BE00956BFF /* ProgrammersAnniversary */,
			);
			name = Products;
			sourceTree = "<group>";
		};
		CD72C3B11BD7D7BE00956BFF /* ProgrammersAnniversary */ = {
			isa = PBXGroup;
			children = (
				CD72C3B21BD7D7BE00956BFF /* main.c */,
			);
			path = ProgrammersAnniversary;
			sourceTree = "<group>";
		};
/* End PBXGroup section */

/* Begin PBXNativeTarget section */
		CD72C3AE1BD7D7BE00956BFF /* ProgrammersAnniversary */ = {
			isa = PBXNativeTarget;
			buildConfigurationList = CD72C3B61BD7D7BE00956BFF /* Build configuration list for PBXNativeTarget "ProgrammersAnniversary" */;
			buildPhases = (
				CD72C3AB1BD7D7BE00956BFF /* Sources */,
				CD72C3AC1BD7D7BE00956BFF /* Frameworks */,
				CD72C3AD1BD7D7BE00956BFF /* CopyFiles */,
			);
			buildRules = (
			);
			dependencies = (
			);
			name = ProgrammersAnniversary;
			productName = ProgrammersAnniversary;
			productReference = CD72C3AF1BD7D7BE00956BFF /* ProgrammersAnniversary */;
			productType = "com.apple.product-type.tool";
		};
/* End PBXNativeTarget section */

/* Begin PBXProject section */
		CD72C3A71BD7D7BD00956BFF /* Project object */ = {
			isa = PBXProject;
			attributes = {
				LastUpgradeCheck = 0700;
				ORGANIZATIONNAME = maemolee;
				TargetAttributes = {
					CD72C3AE1BD7D7BE00956BFF = {
						CreatedOnToolsVersion = 7.0.1;
					};
				};
			};
			buildConfigurationList = CD72C3AA1BD7D7BD00956BFF /* Build configuration list for PBXProject "ProgrammersAnniversary" */;
			compatibilityVersion = "Xcode 3.2";
			developmentRegion = English;
			hasScannedForEncodings = 0;
			knownRegions = (
				en,
			);
			mainGroup = CD72C3A61BD7D7BD00956BFF;
			productRefGroup = CD72C3B01BD7D7BE00956BFF /* Products */;
			projectDirPath = "";
			projectRoot = "";
			targets = (
				CD72C3AE1BD7D7BE00956BFF /* ProgrammersAnniversary */,
			);
		};
/* End PBXProject section */

/* Begin PBXSourcesBuildPhase section */
		CD72C3AB1BD7D7BE00956BFF /* Sources */ = {
			isa = PBXSourcesBuildPhase;
			buildActionMask = 2147483647;
			files = (
				CD72C3B31BD7D7BE00956BFF /* main.c in Sources */,
			);
			runOnlyForDeploymentPostprocessing = 0;
		};
/* End PBXSourcesBuildPhase section */

/* Begin XCBuildConfiguration section */
		CD72C3B41BD7D7BE00956BFF /* Debug */ = {
			isa = XCBuildConfiguration;
			buildSettings = {
				ALWAYS_SEARCH_USER_PATHS = NO;
				CLANG_CXX_LANGUAGE_STANDARD = "gnu++0x";
				CLANG_CXX_LIBRARY = "libc++";
				CLANG_ENABLE_MODULES = YES;
				CLANG_ENABLE_OBJC_ARC = YES;
				CLANG_WARN_BOOL_CONVERSION = YES;
				CLANG_WARN_CONSTANT_CONVERSION = YES;
				CLANG_WARN_DIRECT_OBJC_ISA_USAGE = YES_ERROR;
				CLANG_WARN_EMPTY_BODY = YES;
				CLANG_WARN_ENUM_CONVERSION = YES;
				CLANG_WARN_INT_CONVERSION = YES;
				CLANG_WARN_OBJC_ROOT_CLASS = YES_ERROR;
				CLANG_WARN_UNREACHABLE_CODE = YES;
				CLANG_WARN__DUPLICATE_METHOD_MATCH = YES;
				COPY_PHASE_STRIP = NO;
				DEBUG_INFORMATION_FORMAT = dwarf;
				ENABLE_STRICT_OBJC_MSGSEND = YES;
				ENABLE_TESTABILITY = YES;
				GCC_C_LANGUAGE_STANDARD = gnu99;
				GCC_DYNAMIC_NO_PIC = NO;
				GCC_NO_COMMON_BLOCKS = YES;
				GCC_OPTIMIZATION_LEVEL = 0;
				GCC_PREPROCESSOR_DEFINITIONS = (
					"DEBUG=1",
					"$(inherited)",
				);
				GCC_WARN_64_TO_32_BIT_CONVERSION = YES;
				GCC_WARN_ABOUT_RETURN_TYPE = YES_ERROR;
				GCC_WARN_UNDECLARED_SELECTOR = YES;
				GCC_WARN_UNINITIALIZED_AUTOS = YES_AGGRESSIVE;
				GCC_WARN_UNUSED_FUNCTION = YES;
				GCC_WARN_UNUSED_VARIABLE = YES;
				MACOSX_DEPLOYMENT_TARGET = 10.11;
				MTL_ENABLE_DEBUG_INFO = YES;
				ONLY_ACTIVE_ARCH = YES;
				SDKROOT = macosx;
			};
			name = Debug;
		};
		CD72C3B51BD7D7BE00956BFF /* Release */ = {
			isa = XCBuildConfiguration;
			buildSettings = {
				ALWAYS_SEARCH_USER_PATHS = NO;
				CLANG_CXX_LANGUAGE_STANDARD = "gnu++0x";
				CLANG_CXX_LIBRARY = "libc++";
				CLANG_ENABLE_MODULES = YES;
				CLANG_ENABLE_OBJC_ARC = YES;
				CLANG_WARN_BOOL_CONVERSION = YES;
				CLANG_WARN_CONSTANT_CONVERSION = YES;
				CLANG_WARN_DIRECT_OBJC_ISA_USAGE = YES_ERROR;
				CLANG_WARN_EMPTY_BODY = YES;
				CLANG_WARN_ENUM_CONVERSION = YES;
				CLANG_WARN_INT_CONVERSION = YES;
				CLANG_WARN_OBJC_ROOT_CLASS = YES_ERROR;
				CLANG_WARN_UNREACHABLE_CODE = YES;
				CLANG_WARN__DUPLICATE_METHOD_MATCH = YES;
				COPY_PHASE_STRIP = NO;
				DEBUG_INFORMATION_FORMAT = "dwarf-with-dsym";
				ENABLE_NS_ASSERTIONS = NO;
				ENABLE_STRICT_OBJC_MSGSEND = YES;
				GCC_C_LANGUAGE_STANDARD = gnu99;
				GCC_NO_COMMON_BLOCKS = YES;
				GCC_WARN_64_TO_32_BIT_CONVERSION = YES;
				GCC_WARN_ABOUT_RETURN_TYPE = YES_ERROR;
				GCC_WARN_UNDECLARED_SELECTOR = YES;
				GCC_WARN_UNINITIALIZED_AUTOS = YES_AGGRESSIVE;
				GCC_WARN_UNUSED_FUNCTION = YES;
				GCC_WARN_UNUSED_VARIABLE = YES;
				MACOSX_DEPLOYMENT_TARGET = 10.11;
				MTL_ENABLE_DEBUG_INFO = NO;
				SDKROOT = macosx;
			};
			name = Release;
		};
		CD72C3B71BD7D7BE00956BFF /* Debug */ = {
			isa = XCBuildConfiguration;
			buildSettings = {
				PRODUCT_NAME = "$(TARGET_NAME)";
			};
			name = Debug;
		};
		CD72C3B81BD7D7BE00956BFF /* Release */ = {
			isa = XCBuildConfiguration;
			buildSettings = {
				PRODUCT_NAME = "$(TARGET_NAME)";
			};
			name = Release;
		};
/* End XCBuildConfiguration section */

/* Begin XCConfigurationList section */
		CD72C3AA1BD7D7BD00956BFF /* Build configuration list for PBXProject "ProgrammersAnniversary" */ = {
			isa = XCConfigurationList;
			buildConfigurations = (
				CD72C3B41BD7D7BE00956BFF /* Debug */,
				CD72C3B51BD7D7BE00956BFF /* Release */,
			);
			defaultConfigurationIsVisible = 0;
			defaultConfigurationName = Release;
		};
		CD72C3B61BD7D7BE00956BFF /* Build configuration list for PBXNativeTarget "ProgrammersAnniversary" */ = {
			isa = XCConfigurationList;
			buildConfigurations = (
				CD72C3B71BD7D7BE00956BFF /* Debug */,
				CD72C3B81BD7D7BE00956BFF /* Release */,
			);
			defaultConfigurationIsVisible = 0;
		};
/* End XCConfigurationList section */
	};
	rootObject = CD72C3A71BD7D7BD00956BFF /* Project object */;
}
